Microsoft Visual Studio Solution File, Format Version 12.00
# Visual Studio Version 17
VisualStudioVersion = 17.5.2.0
MinimumVisualStudioVersion = 10.0.40219.1
Project("{FAE04EC0-301F-11D3-BF4B-00C04F79EFBC}") = "LabrintoModelo2026", "LabrintoModelo2026.csproj", "{89EB2B44-5371-328A-3A07-B22C92ADDEA8}"
EndProject
Global
	GlobalSection(SolutionConfigurationPlatforms) = preSolution
		Debug|Any CPU = Debug|Any CPU
		Release|Any CPU = Release|Any CPU
	EndGlobalSection
	GlobalSection(ProjectConfigurationPlatforms) = postSolution
		{89EB2B44-5371-328A-3A07-B22C92ADDEA8}.Debug|Any CPU.ActiveCfg = Debug|Any CPU
		{89EB2B44-5371-328A-3A07-B22C92ADDEA8}.Debug|Any CPU.Build.0 = Debug|Any CPU
		{89EB2B44-5371-328A-3A07-B22C92ADDEA8}.Release|Any CPU.ActiveCfg = Release|Any CPU
		{89EB2B44-5371-328A-3A07-B22C92ADDEA8}.Release|Any CPU.Build.0 = Release|Any CPU
	EndGlobalSection
	GlobalSection(SolutionProperties) = preSolution
		HideSolutionNode = FALSE
	EndGlobalSection
	GlobalSection(ExtensibilityGlobals) = postSolution
		SolutionGuid = {F5237AF9-841E-4B1F-A2EB-A959C0F43C80}
	EndGlobalSection
EndGlobal
